Microsoft Visual Studio Solution File, Format Version 12.00
# Visual Studio Version 17
VisualStudioVersion = 17.5.2.0
MinimumVisualStudioVersion = 10.0.40219.1
Project("{FAE04EC0-301F-11D3-BF4B-00C04F79EFBC}") = "MyProject", "MyProject\MyProject.csproj", "{BFB40626-61B2-99D6-4B1E-D76B0C91E446}"
EndProject
Project("{FAE04EC0-301F-11D3-BF4B-00C04F79EFBC}") = "MyProject.Tests", "MyProject.Tests\MyProject.Tests.csproj", "{8C460E13-0C09-3551-166F-C16F2399DA81}"
EndProject
Global
	GlobalSection(SolutionConfigurationPlatforms) = preSolution
		Debug|Any CPU = Debug|Any CPU
		Release|Any CPU = Release|Any CPU
	EndGlobalSection
	GlobalSection(ProjectConfigurationPlatforms) = postSolution
		{BFB40626-61B2-99D6-4B1E-D76B0C91E446}.Debug|Any CPU.ActiveCfg = Debug|Any CPU
		{BFB40626-61B2-99D6-4B1E-D76B0C91E446}.Debug|Any CPU.Build.0 = Debug|Any CPU
		{BFB40626-61B2-99D6-4B1E-D76B0C91E446}.Release|Any CPU.ActiveCfg = Release|Any CPU
		{BFB40626-61B2-99D6-4B1E-D76B0C91E446}.Release|Any CPU.Build.0 = Release|Any CPU
		{8C460E13-0C09-3551-166F-C16F2399DA81}.Debug|Any CPU.ActiveCfg = Debug|Any CPU
		{8C460E13-0C09-3551-166F-C16F2399DA81}.Debug|Any CPU.Build.0 = Debug|Any CPU
		{8C460E13-0C09-3551-166F-C16F2399DA81}.Release|Any CPU.ActiveCfg = Release|Any CPU
		{8C460E13-0C09-3551-166F-C16F2399DA81}.Release|Any CPU.Build.0 = Release|Any CPU
	EndGlobalSection
	GlobalSection(SolutionProperties) = preSolution
		HideSolutionNode = FALSE
	EndGlobalSection
	GlobalSection(ExtensibilityGlobals) = postSolution
		SolutionGuid = {1BA7C9B2-5F23-40EF-9A52-79B271C48420}
	EndGlobalSection
EndGlobal
